
Microsoft Visual Studio Solution File, Format Version 12.00
# Visual Studio Version 16
VisualStudioVersion = 16.0.32106.194
MinimumVisualStudioVersion = 10.0.40219.1
Project("{FAE04EC0-301F-11D3-BF4B-00C04F79EFBC}") = "Game-UnderTheSea", "Game-UnderTheSea.csproj", "{2AC27076-88AE-4159-AF55-836A94EFB408}"
EndProject
Global
	GlobalSection(SolutionConfigurationPlatforms) = preSolution
		Debug|Any CPU = Debug|Any CPU
		Release|Any CPU = Release|Any CPU
	EndGlobalSection
	GlobalSection(ProjectConfigurationPlatforms) = postSolution
		{2AC27076-88AE-4159-AF55-836A94EFB408}.Debug|Any CPU.ActiveCfg = Debug|Any CPU
		{2AC27076-88AE-4159-AF55-836A94EFB408}.Debug|Any CPU.Build.0 = Debug|Any CPU
		{2AC27076-88AE-4159-AF55-836A94EFB408}.Release|Any CPU.ActiveCfg = Release|Any CPU
		{2AC27076-88AE-4159-AF55-836A94EFB408}.Release|Any CPU.Build.0 = Release|Any CPU
	EndGlobalSection
	GlobalSection(SolutionProperties) = preSolution
		HideSolutionNode = FALSE
	EndGlobalSection
	GlobalSection(ExtensibilityGlobals) = postSolution
		SolutionGuid = {99F12A99-09BE-471A-BD62-77BD4D7485BC}
	EndGlobalSection
EndGlobal
